// !$*UTF8*$!
{
	archiveVersion = 1;
	classes = {
	};
	objectVersion = 56;
	objects = {

/* Begin PBXBuildFile section */
		2D5557212B80686700505FE3 /* Entity+Sunglight.swift in Sources */ = {isa = PBXBuildFile; fileRef = 2D5557202B80686700505FE3 /* Entity+Sunglight.swift */; };
		2D5557252B806DCE00505FE3 /* Sunlight.skybox in Resources */ = {isa = PBXBuildFile; fileRef = 2D5557242B806DCE00505FE3 /* Sunlight.skybox */; };
		2D5557292B806EB100505FE3 /* OrbitSystem.swift in Sources */ = {isa = PBXBuildFile; fileRef = 2D5557282B806EB100505FE3 /* OrbitSystem.swift */; };
		2D55572B2B807A9700505FE3 /* CapsuleControlView.swift in Sources */ = {isa = PBXBuildFile; fileRef = 2D55572A2B807A9700505FE3 /* CapsuleControlView.swift */; };
		2D79AEEE2B7F699500A63BFD /* RealityKitContent in Frameworks */ = {isa = PBXBuildFile; productRef = 2D79AEED2B7F699500A63BFD /* RealityKitContent */; };
		2D79AEF02B7F699500A63BFD /* VisionPro_Inspiration4App.swift in Sources */ = {isa = PBXBuildFile; fileRef = 2D79AEEF2B7F699500A63BFD /* VisionPro_Inspiration4App.swift */; };
		2D79AEF62B7F699500A63BFD /* ImageBasedLighting.skybox in Resources */ = {isa = PBXBuildFile; fileRef = 2D79AEF52B7F699500A63BFD /* ImageBasedLighting.skybox */; };
		2D79AEFB2B7F699500A63BFD /* Preview Assets.xcassets in Resources */ = {isa = PBXBuildFile; fileRef = 2D79AEFA2B7F699500A63BFD /* Preview Assets.xcassets */; };
		2D79AF032B7F6A6600A63BFD /* AreasView.swift in Sources */ = {isa = PBXBuildFile; fileRef = 2D79AF022B7F6A6600A63BFD /* AreasView.swift */; };
		2D79AF072B7F6D3900A63BFD /* Area.swift in Sources */ = {isa = PBXBuildFile; fileRef = 2D79AF062B7F6D3900A63BFD /* Area.swift */; };
		2D79AF092B7F6E2C00A63BFD /* Crew.swift in Sources */ = {isa = PBXBuildFile; fileRef = 2D79AF082B7F6E2C00A63BFD /* Crew.swift */; };
		2D79AF0B2B7F6F4400A63BFD /* ViewModel.swift in Sources */ = {isa = PBXBuildFile; fileRef = 2D79AF0A2B7F6F4400A63BFD /* ViewModel.swift */; };
		2D79AF0D2B7F703600A63BFD /* NavigatinonToAreas.swift in Sources */ = {isa = PBXBuildFile; fileRef = 2D79AF0C2B7F703600A63BFD /* NavigatinonToAreas.swift */; };
		2D79AF0F2B7F75FF00A63BFD /* Assets.xcassets in Resources */ = {isa = PBXBuildFile; fileRef = 2D79AF0E2B7F75FF00A63BFD /* Assets.xcassets */; };
		2D79AF122B7F787600A63BFD /* CrewAreaView.swift in Sources */ = {isa = PBXBuildFile; fileRef = 2D79AF112B7F787600A63BFD /* CrewAreaView.swift */; };
		2D79AF142B7F8D1000A63BFD /* EquipmentArea.swift in Sources */ = {isa = PBXBuildFile; fileRef = 2D79AF132B7F8D1000A63BFD /* EquipmentArea.swift */; };
		2D79AF172B7F979600A63BFD /* CapsuleRealityAreView.swift in Sources */ = {isa = PBXBuildFile; fileRef = 2D79AF162B7F979600A63BFD /* CapsuleRealityAreView.swift */; };
		2D79AF192B7F97AF00A63BFD /* FullRocketRealityAreaView.swift in Sources */ = {isa = PBXBuildFile; fileRef = 2D79AF182B7F97AF00A63BFD /* FullRocketRealityAreaView.swift */; };
		2D79AF1B2B7FA59400A63BFD /* EquipmentCardView.swift in Sources */ = {isa = PBXBuildFile; fileRef = 2D79AF1A2B7FA59400A63BFD /* EquipmentCardView.swift */; };
/* End PBXBuildFile section */

/* Begin PBXFileReference section */
		2D5557202B80686700505FE3 /* Entity+Sunglight.swift */ = {isa = PBXFileReference; lastKnownFileType = sourcecode.swift; path = "Entity+Sunglight.swift"; sourceTree = "<group>"; };
		2D5557242B806DCE00505FE3 /* Sunlight.skybox */ = {isa = PBXFileReference; lastKnownFileType = file.skybox; path = Sunlight.skybox; sourceTree = "<group>"; };
		2D5557282B806EB100505FE3 /* OrbitSystem.swift */ = {isa = PBXFileReference; lastKnownFileType = sourcecode.swift; path = OrbitSystem.swift; sourceTree = "<group>"; };
		2D55572A2B807A9700505FE3 /* CapsuleControlView.swift */ = {isa = PBXFileReference; lastKnownFileType = sourcecode.swift; path = CapsuleControlView.swift; sourceTree = "<group>"; };
		2D79AEE82B7F699500A63BFD /* VisionPro_Inspiration4App.app */ = {isa = PBXFileReference; explicitFileType = wrapper.application; includeInIndex = 0; path = VisionPro_Inspiration4App.app; sourceTree = BUILT_PRODUCTS_DIR; };
		2D79AEEC2B7F699500A63BFD /* RealityKitContent */ = {isa = PBXFileReference; lastKnownFileType = wrapper; path = RealityKitContent; sourceTree = "<group>"; };
		2D79AEEF2B7F699500A63BFD /* VisionPro_Inspiration4App.swift */ = {isa = PBXFileReference; lastKnownFileType = sourcecode.swift; path = VisionPro_Inspiration4App.swift; sourceTree = "<group>"; };
		2D79AEF52B7F699500A63BFD /* ImageBasedLighting.skybox */ = {isa = PBXFileReference; lastKnownFileType = file.skybox; path = ImageBasedLighting.skybox; sourceTree = "<group>"; };
		2D79AEFA2B7F699500A63BFD /* Preview Assets.xcassets */ = {isa = PBXFileReference; lastKnownFileType = folder.assetcatalog; path = "Preview Assets.xcassets"; sourceTree = "<group>"; };
		2D79AEFC2B7F699500A63BFD /* Info.plist */ = {isa = PBXFileReference; lastKnownFileType = text.plist.xml; path = Info.plist; sourceTree = "<group>"; };
		2D79AF022B7F6A6600A63BFD /* AreasView.swift */ = {isa = PBXFileReference; lastKnownFileType = sourcecode.swift; path = AreasView.swift; sourceTree = "<group>"; };
		2D79AF062B7F6D3900A63BFD /* Area.swift */ = {isa = PBXFileReference; lastKnownFileType = sourcecode.swift; path = Area.swift; sourceTree = "<group>"; };
		2D79AF082B7F6E2C00A63BFD /* Crew.swift */ = {isa = PBXFileReference; lastKnownFileType = sourcecode.swift; path = Crew.swift; sourceTree = "<group>"; };
		2D79AF0A2B7F6F4400A63BFD /* ViewModel.swift */ = {isa = PBXFileReference; lastKnownFileType = sourcecode.swift; path = ViewModel.swift; sourceTree = "<group>"; };
		2D79AF0C2B7F703600A63BFD /* NavigatinonToAreas.swift */ = {isa = PBXFileReference; lastKnownFileType = sourcecode.swift; path = NavigatinonToAreas.swift; sourceTree = "<group>"; };
		2D79AF0E2B7F75FF00A63BFD /* Assets.xcassets */ = {isa = PBXFileReference; lastKnownFileType = folder.assetcatalog; path = Assets.xcassets; sourceTree = "<group>"; };
		2D79AF112B7F787600A63BFD /* CrewAreaView.swift */ = {isa = PBXFileReference; lastKnownFileType = sourcecode.swift; path = CrewAreaView.swift; sourceTree = "<group>"; };
		2D79AF132B7F8D1000A63BFD /* EquipmentArea.swift */ = {isa = PBXFileReference; lastKnownFileType = sourcecode.swift; path = EquipmentArea.swift; sourceTree = "<group>"; };
		2D79AF162B7F979600A63BFD /* CapsuleRealityAreView.swift */ = {isa = PBXFileReference; lastKnownFileType = sourcecode.swift; path = CapsuleRealityAreView.swift; sourceTree = "<group>"; };
		2D79AF182B7F97AF00A63BFD /* FullRocketRealityAreaView.swift */ = {isa = PBXFileReference; lastKnownFileType = sourcecode.swift; path = FullRocketRealityAreaView.swift; sourceTree = "<group>"; };
		2D79AF1A2B7FA59400A63BFD /* EquipmentCardView.swift */ = {isa = PBXFileReference; lastKnownFileType = sourcecode.swift; path = EquipmentCardView.swift; sourceTree = "<group>"; };
/* End PBXFileReference section */

/* Begin PBXFrameworksBuildPhase section */
		2D79AEE52B7F699500A63BFD /* Frameworks */ = {
			isa = PBXFrameworksBuildPhase;
			buildActionMask = 2147483647;
			files = (
				2D79AEEE2B7F699500A63BFD /* RealityKitContent in Frameworks */,
			);
			runOnlyForDeploymentPostprocessing = 0;
		};
/* End PBXFrameworksBuildPhase section */

/* Begin PBXGroup section */
		2D55571F2B80684E00505FE3 /* Extentions */ = {
			isa = PBXGroup;
			children = (
				2D5557202B80686700505FE3 /* Entity+Sunglight.swift */,
			);
			path = Extentions;
			sourceTree = "<group>";
		};
		2D5557262B806E0400505FE3 /* Resources */ = {
			isa = PBXGroup;
			children = (
				2D79AEF52B7F699500A63BFD /* ImageBasedLighting.skybox */,
				2D79AF0E2B7F75FF00A63BFD /* Assets.xcassets */,
				2D5557242B806DCE00505FE3 /* Sunlight.skybox */,
			);
			path = Resources;
			sourceTree = "<group>";
		};
		2D5557272B806E9600505FE3 /* Systems */ = {
			isa = PBXGroup;
			children = (
				2D5557282B806EB100505FE3 /* OrbitSystem.swift */,
			);
			path = Systems;
			sourceTree = "<group>";
		};
		2D79AEDF2B7F699500A63BFD = {
			isa = PBXGroup;
			children = (
				2D79AEEA2B7F699500A63BFD /* VisionPro_Inspiration4App */,
				2D5557262B806E0400505FE3 /* Resources */,
				2D79AEEB2B7F699500A63BFD /* Packages */,
				2D79AEE92B7F699500A63BFD /* Products */,
			);
			sourceTree = "<group>";
		};
		2D79AEE92B7F699500A63BFD /* Products */ = {
			isa = PBXGroup;
			children = (
				2D79AEE82B7F699500A63BFD /* VisionPro_Inspiration4App.app */,
			);
			name = Products;
			sourceTree = "<group>";
		};
		2D79AEEA2B7F699500A63BFD /* VisionPro_Inspiration4App */ = {
			isa = PBXGroup;
			children = (
				2D5557272B806E9600505FE3 /* Systems */,
				2D55571F2B80684E00505FE3 /* Extentions */,
				2D79AF052B7F6D1400A63BFD /* Models */,
				2D79AF042B7F6A7F00A63BFD /* Areas */,
				2D79AF152B7F977C00A63BFD /* RealityViews */,
				2D79AEEF2B7F699500A63BFD /* VisionPro_Inspiration4App.swift */,
				2D79AEFC2B7F699500A63BFD /* Info.plist */,
				2D79AEF92B7F699500A63BFD /* Preview Content */,
			);
			path = VisionPro_Inspiration4App;
			sourceTree = "<group>";
		};
		2D79AEEB2B7F699500A63BFD /* Packages */ = {
			isa = PBXGroup;
			children = (
				2D79AEEC2B7F699500A63BFD /* RealityKitContent */,
			);
			path = Packages;
			sourceTree = "<group>";
		};
		2D79AEF92B7F699500A63BFD /* Preview Content */ = {
			isa = PBXGroup;
			children = (
				2D79AEFA2B7F699500A63BFD /* Preview Assets.xcassets */,
			);
			path = "Preview Content";
			sourceTree = "<group>";
		};
		2D79AF042B7F6A7F00A63BFD /* Areas */ = {
			isa = PBXGroup;
			children = (
				2D79AF022B7F6A6600A63BFD /* AreasView.swift */,
				2D79AF112B7F787600A63BFD /* CrewAreaView.swift */,
				2D79AF0C2B7F703600A63BFD /* NavigatinonToAreas.swift */,
				2D79AF132B7F8D1000A63BFD /* EquipmentArea.swift */,
				2D79AF1A2B7FA59400A63BFD /* EquipmentCardView.swift */,
				2D55572A2B807A9700505FE3 /* CapsuleControlView.swift */,
			);
			path = Areas;
			sourceTree = "<group>";
		};
		2D79AF052B7F6D1400A63BFD /* Models */ = {
			isa = PBXGroup;
			children = (
				2D79AF062B7F6D3900A63BFD /* Area.swift */,
				2D79AF082B7F6E2C00A63BFD /* Crew.swift */,
				2D79AF0A2B7F6F4400A63BFD /* ViewModel.swift */,
			);
			path = Models;
			sourceTree = "<group>";
		};
		2D79AF152B7F977C00A63BFD /* RealityViews */ = {
			isa = PBXGroup;
			children = (
				2D79AF162B7F979600A63BFD /* CapsuleRealityAreView.swift */,
				2D79AF182B7F97AF00A63BFD /* FullRocketRealityAreaView.swift */,
			);
			path = RealityViews;
			sourceTree = "<group>";
		};
/* End PBXGroup section */

/* Begin PBXNativeTarget section */
		2D79AEE72B7F699500A63BFD /* VisionPro_Inspiration4App */ = {
			isa = PBXNativeTarget;
			buildConfigurationList = 2D79AEFF2B7F699500A63BFD /* Build configuration list for PBXNativeTarget "VisionPro_Inspiration4App" */;
			buildPhases = (
				2D79AEE42B7F699500A63BFD /* Sources */,
				2D79AEE52B7F699500A63BFD /* Frameworks */,
				2D79AEE62B7F699500A63BFD /* Resources */,
			);
			buildRules = (
			);
			dependencies = (
			);
			name = VisionPro_Inspiration4App;
			packageProductDependencies = (
				2D79AEED2B7F699500A63BFD /* RealityKitContent */,
			);
			productName = VisionPro_Inspiration4App;
			productReference = 2D79AEE82B7F699500A63BFD /* VisionPro_Inspiration4App.app */;
			productType = "com.apple.product-type.application";
		};
/* End PBXNativeTarget section */

/* Begin PBXProject section */
		2D79AEE02B7F699500A63BFD /* Project object */ = {
			isa = PBXProject;
			attributes = {
				BuildIndependentTargetsInParallel = 1;
				LastSwiftUpdateCheck = 1520;
				LastUpgradeCheck = 1520;
				TargetAttributes = {
					2D79AEE72B7F699500A63BFD = {
						CreatedOnToolsVersion = 15.2;
					};
				};
			};
			buildConfigurationList = 2D79AEE32B7F699500A63BFD /* Build configuration list for PBXProject "VisionPro_Inspiration4App" */;
			compatibilityVersion = "Xcode 14.0";
			developmentRegion = en;
			hasScannedForEncodings = 0;
			knownRegions = (
				en,
				Base,
			);
			mainGroup = 2D79AEDF2B7F699500A63BFD;
			productRefGroup = 2D79AEE92B7F699500A63BFD /* Products */;
			projectDirPath = "";
			projectRoot = "";
			targets = (
				2D79AEE72B7F699500A63BFD /* VisionPro_Inspiration4App */,
			);
		};
/* End PBXProject section */

/* Begin PBXResourcesBuildPhase section */
		2D79AEE62B7F699500A63BFD /* Resources */ = {
			isa = PBXResourcesBuildPhase;
			buildActionMask = 2147483647;
			files = (
				2D79AEFB2B7F699500A63BFD /* Preview Assets.xcassets in Resources */,
				2D5557252B806DCE00505FE3 /* Sunlight.skybox in Resources */,
				2D79AF0F2B7F75FF00A63BFD /* Assets.xcassets in Resources */,
				2D79AEF62B7F699500A63BFD /* ImageBasedLighting.skybox in Resources */,
			);
			runOnlyForDeploymentPostprocessing = 0;
		};
/* End PBXResourcesBuildPhase section */

/* Begin PBXSourcesBuildPhase section */
		2D79AEE42B7F699500A63BFD /* Sources */ = {
			isa = PBXSourcesBuildPhase;
			buildActionMask = 2147483647;
			files = (
				2D79AF172B7F979600A63BFD /* CapsuleRealityAreView.swift in Sources */,
				2D79AF0D2B7F703600A63BFD /* NavigatinonToAreas.swift in Sources */,
				2D5557212B80686700505FE3 /* Entity+Sunglight.swift in Sources */,
				2D79AF0B2B7F6F4400A63BFD /* ViewModel.swift in Sources */,
				2D79AEF02B7F699500A63BFD /* VisionPro_Inspiration4App.swift in Sources */,
				2D79AF122B7F787600A63BFD /* CrewAreaView.swift in Sources */,
				2D79AF1B2B7FA59400A63BFD /* EquipmentCardView.swift in Sources */,
				2D79AF072B7F6D3900A63BFD /* Area.swift in Sources */,
				2D79AF092B7F6E2C00A63BFD /* Crew.swift in Sources */,
				2D5557292B806EB100505FE3 /* OrbitSystem.swift in Sources */,
				2D55572B2B807A9700505FE3 /* CapsuleControlView.swift in Sources */,
				2D79AF032B7F6A6600A63BFD /* AreasView.swift in Sources */,
				2D79AF142B7F8D1000A63BFD /* EquipmentArea.swift in Sources */,
				2D79AF192B7F97AF00A63BFD /* FullRocketRealityAreaView.swift in Sources */,
			);
			runOnlyForDeploymentPostprocessing = 0;
		};
/* End PBXSourcesBuildPhase section */

/* Begin XCBuildConfiguration section */
		2D79AEFD2B7F699500A63BFD /* Debug */ = {
			isa = XCBuildConfiguration;
			buildSettings = {
				ALWAYS_SEARCH_USER_PATHS = NO;
				ASSETCATALOG_COMPILER_GENERATE_SWIFT_ASSET_SYMBOL_EXTENSIONS = YES;
				CLANG_ANALYZER_NONNULL = YES;
				CLANG_ANALYZER_NUMBER_OBJECT_CONVERSION = YES_AGGRESSIVE;
				CLANG_CXX_LANGUAGE_STANDARD = "gnu++20";
				CLANG_ENABLE_MODULES = YES;
				CLANG_ENABLE_OBJC_ARC = YES;
				CLANG_ENABLE_OBJC_WEAK = YES;
				CLANG_WARN_BLOCK_CAPTURE_AUTORELEASING = YES;
				CLANG_WARN_BOOL_CONVERSION = YES;
				CLANG_WARN_COMMA = YES;
				CLANG_WARN_CONSTANT_CONVERSION = YES;
				CLANG_WARN_DEPRECATED_OBJC_IMPLEMENTATIONS = YES;
				CLANG_WARN_DIRECT_OBJC_ISA_USAGE = YES_ERROR;
				CLANG_WARN_DOCUMENTATION_COMMENTS = YES;
				CLANG_WARN_EMPTY_BODY = YES;
				CLANG_WARN_ENUM_CONVERSION = YES;
				CLANG_WARN_INFINITE_RECURSION = YES;
				CLANG_WARN_INT_CONVERSION = YES;
				CLANG_WARN_NON_LITERAL_NULL_CONVERSION = YES;
				CLANG_WARN_OBJC_IMPLICIT_RETAIN_SELF = YES;
				CLANG_WARN_OBJC_LITERAL_CONVERSION = YES;
				CLANG_WARN_OBJC_ROOT_CLASS = YES_ERROR;
				CLANG_WARN_QUOTED_INCLUDE_IN_FRAMEWORK_HEADER = YES;
				CLANG_WARN_RANGE_LOOP_ANALYSIS = YES;
				CLANG_WARN_STRICT_PROTOTYPES = YES;
				CLANG_WARN_SUSPICIOUS_MOVE = YES;
				CLANG_WARN_UNGUARDED_AVAILABILITY = YES_AGGRESSIVE;
				CLANG_WARN_UNREACHABLE_CODE = YES;
				CLANG_WARN__DUPLICATE_METHOD_MATCH = YES;
				COPY_PHASE_STRIP = NO;
				DEBUG_INFORMATION_FORMAT = dwarf;
				ENABLE_STRICT_OBJC_MSGSEND = YES;
				ENABLE_TESTABILITY = YES;
				ENABLE_USER_SCRIPT_SANDBOXING = YES;
				GCC_C_LANGUAGE_STANDARD = gnu17;
				GCC_DYNAMIC_NO_PIC = NO;
				GCC_NO_COMMON_BLOCKS = YES;
				GCC_OPTIMIZATION_LEVEL = 0;
				GCC_PREPROCESSOR_DEFINITIONS = (
					"DEBUG=1",
					"$(inherited)",
				);
				GCC_WARN_64_TO_32_BIT_CONVERSION = YES;
				GCC_WARN_ABOUT_RETURN_TYPE = YES_ERROR;
				GCC_WARN_UNDECLARED_SELECTOR = YES;
				GCC_WARN_UNINITIALIZED_AUTOS = YES_AGGRESSIVE;
				GCC_WARN_UNUSED_FUNCTION = YES;
				GCC_WARN_UNUSED_VARIABLE = YES;
				LOCALIZATION_PREFERS_STRING_CATALOGS = YES;
				MTL_ENABLE_DEBUG_INFO = INCLUDE_SOURCE;
				MTL_FAST_MATH = YES;
				ONLY_ACTIVE_ARCH = YES;
				SDKROOT = xros;
				SWIFT_ACTIVE_COMPILATION_CONDITIONS = "DEBUG $(inherited)";
				SWIFT_OPTIMIZATION_LEVEL = "-Onone";
				XROS_DEPLOYMENT_TARGET = 1.0;
			};
			name = Debug;
		};
		2D79AEFE2B7F699500A63BFD /* Release */ = {
			isa = XCBuildConfiguration;
			buildSettings = {
				ALWAYS_SEARCH_USER_PATHS = NO;
				ASSETCATALOG_COMPILER_GENERATE_SWIFT_ASSET_SYMBOL_EXTENSIONS = YES;
				CLANG_ANALYZER_NONNULL = YES;
				CLANG_ANALYZER_NUMBER_OBJECT_CONVERSION = YES_AGGRESSIVE;
				CLANG_CXX_LANGUAGE_STANDARD = "gnu++20";
				CLANG_ENABLE_MODULES = YES;
				CLANG_ENABLE_OBJC_ARC = YES;
				CLANG_ENABLE_OBJC_WEAK = YES;
				CLANG_WARN_BLOCK_CAPTURE_AUTORELEASING = YES;
				CLANG_WARN_BOOL_CONVERSION = YES;
				CLANG_WARN_COMMA = YES;
				CLANG_WARN_CONSTANT_CONVERSION = YES;
				CLANG_WARN_DEPRECATED_OBJC_IMPLEMENTATIONS = YES;
				CLANG_WARN_DIRECT_OBJC_ISA_USAGE = YES_ERROR;
				CLANG_WARN_DOCUMENTATION_COMMENTS = YES;
				CLANG_WARN_EMPTY_BODY = YES;
				CLANG_WARN_ENUM_CONVERSION = YES;
				CLANG_WARN_INFINITE_RECURSION = YES;
				CLANG_WARN_INT_CONVERSION = YES;
				CLANG_WARN_NON_LITERAL_NULL_CONVERSION = YES;
				CLANG_WARN_OBJC_IMPLICIT_RETAIN_SELF = YES;
				CLANG_WARN_OBJC_LITERAL_CONVERSION = YES;
				CLANG_WARN_OBJC_ROOT_CLASS = YES_ERROR;
				CLANG_WARN_QUOTED_INCLUDE_IN_FRAMEWORK_HEADER = YES;
				CLANG_WARN_RANGE_LOOP_ANALYSIS = YES;
				CLANG_WARN_STRICT_PROTOTYPES = YES;
				CLANG_WARN_SUSPICIOUS_MOVE = YES;
				CLANG_WARN_UNGUARDED_AVAILABILITY = YES_AGGRESSIVE;
				CLANG_WARN_UNREACHABLE_CODE = YES;
				CLANG_WARN__DUPLICATE_METHOD_MATCH = YES;
				COPY_PHASE_STRIP = NO;
				DEBUG_INFORMATION_FORMAT = "dwarf-with-dsym";
				ENABLE_NS_ASSERTIONS = NO;
				ENABLE_STRICT_OBJC_MSGSEND = YES;
				ENABLE_USER_SCRIPT_SANDBOXING = YES;
				GCC_C_LANGUAGE_STANDARD = gnu17;
				GCC_NO_COMMON_BLOCKS = YES;
				GCC_WARN_64_TO_32_BIT_CONVERSION = YES;
				GCC_WARN_ABOUT_RETURN_TYPE = YES_ERROR;
				GCC_WARN_UNDECLARED_SELECTOR = YES;
				GCC_WARN_UNINITIALIZED_AUTOS = YES_AGGRESSIVE;
				GCC_WARN_UNUSED_FUNCTION = YES;
				GCC_WARN_UNUSED_VARIABLE = YES;
				LOCALIZATION_PREFERS_STRING_CATALOGS = YES;
				MTL_ENABLE_DEBUG_INFO = NO;
				MTL_FAST_MATH = YES;
				SDKROOT = xros;
				SWIFT_COMPILATION_MODE = wholemodule;
				VALIDATE_PRODUCT = YES;
				XROS_DEPLOYMENT_TARGET = 1.0;
			};
			name = Release;
		};
		2D79AF002B7F699500A63BFD /* Debug */ = {
			isa = XCBuildConfiguration;
			buildSettings = {
				ASSETCATALOG_COMPILER_APPICON_NAME = AppIcon;
				ASSETCATALOG_COMPILER_GLOBAL_ACCENT_COLOR_NAME = AccentColor;
				CODE_SIGN_STYLE = Automatic;
				CURRENT_PROJECT_VERSION = 1;
				DEVELOPMENT_ASSET_PATHS = "\"VisionPro_Inspiration4App/Preview Content\"";
				ENABLE_PREVIEWS = YES;
				GENERATE_INFOPLIST_FILE = YES;
				INFOPLIST_FILE = "$(TARGET_NAME)/Info.plist";
				LD_RUNPATH_SEARCH_PATHS = (
					"$(inherited)",
					"@executable_path/Frameworks",
				);
				MARKETING_VERSION = 1.0;
				PRODUCT_BUNDLE_IDENTIFIER = "com.boardguy.VisionPro-Inspiration4App";
				PRODUCT_NAME = "$(TARGET_NAME)";
				SUPPORTED_PLATFORMS = "xros xrsimulator";
				SWIFT_EMIT_LOC_STRINGS = YES;
				SWIFT_VERSION = 5.0;
				TARGETED_DEVICE_FAMILY = "1,2,7";
			};
			name = Debug;
		};
		2D79AF012B7F699500A63BFD /* Release */ = {
			isa = XCBuildConfiguration;
			buildSettings = {
				ASSETCATALOG_COMPILER_APPICON_NAME = AppIcon;
				ASSETCATALOG_COMPILER_GLOBAL_ACCENT_COLOR_NAME = AccentColor;
				CODE_SIGN_STYLE = Automatic;
				CURRENT_PROJECT_VERSION = 1;
				DEVELOPMENT_ASSET_PATHS = "\"VisionPro_Inspiration4App/Preview Content\"";
				ENABLE_PREVIEWS = YES;
				GENERATE_INFOPLIST_FILE = YES;
				INFOPLIST_FILE = "$(TARGET_NAME)/Info.plist";
				LD_RUNPATH_SEARCH_PATHS = (
					"$(inherited)",
					"@executable_path/Frameworks",
				);
				MARKETING_VERSION = 1.0;
				PRODUCT_BUNDLE_IDENTIFIER = "com.boardguy.VisionPro-Inspiration4App";
				PRODUCT_NAME = "$(TARGET_NAME)";
				SUPPORTED_PLATFORMS = "xros xrsimulator";
				SWIFT_EMIT_LOC_STRINGS = YES;
				SWIFT_VERSION = 5.0;
				TARGETED_DEVICE_FAMILY = "1,2,7";
			};
			name = Release;
		};
/* End XCBuildConfiguration section */

/* Begin XCConfigurationList section */
		2D79AEE32B7F699500A63BFD /* Build configuration list for PBXProject "VisionPro_Inspiration4App" */ = {
			isa = XCConfigurationList;
			buildConfigurations = (
				2D79AEFD2B7F699500A63BFD /* Debug */,
				2D79AEFE2B7F699500A63BFD /* Release */,
			);
			defaultConfigurationIsVisible = 0;
			defaultConfigurationName = Release;
		};
		2D79AEFF2B7F699500A63BFD /* Build configuration list for PBXNativeTarget "VisionPro_Inspiration4App" */ = {
			isa = XCConfigurationList;
			buildConfigurations = (
				2D79AF002B7F699500A63BFD /* Debug */,
				2D79AF012B7F699500A63BFD /* Release */,
			);
			defaultConfigurationIsVisible = 0;
			defaultConfigurationName = Release;
		};
/* End XCConfigurationList section */

/* Begin XCSwiftPackageProductDependency section */
		2D79AEED2B7F699500A63BFD /* RealityKitContent */ = {
			isa = XCSwiftPackageProductDependency;
			productName = RealityKitContent;
		};
/* End XCSwiftPackageProductDependency section */
	};
	rootObject = 2D79AEE02B7F699500A63BFD /* Project object */;
}
